
Microsoft Visual Studio Solution File, Format Version 12.00
# Visual Studio Version 16
VisualStudioVersion = 16.0.30413.136
MinimumVisualStudioVersion = 10.0.40219.1
Project("{FAE04EC0-301F-11D3-BF4B-00C04F79EFBC}") = "LanServerApp", "LanServerApp.csproj", "{73511051-E524-411C-AEAF-22383C82FDEA}"
EndProject
Global
	GlobalSection(SolutionConfigurationPlatforms) = preSolution
		Debug|Any CPU = Debug|Any CPU
		Release|Any CPU = Release|Any CPU
	EndGlobalSection
	GlobalSection(ProjectConfigurationPlatforms) = postSolution
		{73511051-E524-411C-AEAF-22383C82FDEA}.Debug|Any CPU.ActiveCfg = Debug|Any CPU
		{73511051-E524-411C-AEAF-22383C82FDEA}.Debug|Any CPU.Build.0 = Debug|Any CPU
		{73511051-E524-411C-AEAF-22383C82FDEA}.Release|Any CPU.ActiveCfg = Release|Any CPU
		{73511051-E524-411C-AEAF-22383C82FDEA}.Release|Any CPU.Build.0 = Release|Any CPU
	EndGlobalSection
	GlobalSection(SolutionProperties) = preSolution
		HideSolutionNode = FALSE
	EndGlobalSection
	GlobalSection(ExtensibilityGlobals) = postSolution
		SolutionGuid = {EF0D231A-098E-45BE-A639-F692E4A3555F}
	EndGlobalSection
EndGlobal
